// !$*UTF8*$!
{
	archiveVersion = 1;
	classes = {
	};
	objectVersion = 46;
	objects = {

/* Begin PBXBuildFile section */
		CD6464AE1963A453008A124D /* AppDelegate.swift in Sources */ = {isa = PBXBuildFile; fileRef = CD6464AD1963A453008A124D /* AppDelegate.swift */; };
		CD6464B01963A453008A124D /* ViewController.swift in Sources */ = {isa = PBXBuildFile; fileRef = CD6464AF1963A453008A124D /* ViewController.swift */; };
		CD6464B31963A453008A124D /* Main.storyboard in Resources */ = {isa = PBXBuildFile; fileRef = CD6464B11963A453008A124D /* Main.storyboard */; };
		CD6464B51963A453008A124D /* Images.xcassets in Resources */ = {isa = PBXBuildFile; fileRef = CD6464B41963A453008A124D /* Images.xcassets */; };
		CD6464C11963A453008A124D /* StandbyTests.swift in Sources */ = {isa = PBXBuildFile; fileRef = CD6464C01963A453008A124D /* StandbyTests.swift */; };
/* End PBXBuildFile section */

/* Begin PBXContainerItemProxy section */
		CD6464BB1963A453008A124D /* PBXContainerItemProxy */ = {
			isa = PBXContainerItemProxy;
			containerPortal = CD6464A01963A453008A124D /* Project object */;
			proxyType = 1;
			remoteGlobalIDString = CD6464A71963A453008A124D;
			remoteInfo = Standby;
		};
/* End PBXContainerItemProxy section */

/* Begin PBXFileReference section */
		CD6464A81963A453008A124D /* Standby.app */ = {isa = PBXFileReference; explicitFileType = wrapper.application; includeInIndex = 0; path = Standby.app; sourceTree = BUILT_PRODUCTS_DIR; };
		CD6464AC1963A453008A124D /* Info.plist */ = {isa = PBXFileReference; lastKnownFileType = text.plist.xml; path = Info.plist; sourceTree = "<group>"; };
		CD6464AD1963A453008A124D /* AppDelegate.swift */ = {isa = PBXFileReference; lastKnownFileType = sourcecode.swift; path = AppDelegate.swift; sourceTree = "<group>"; };
		CD6464AF1963A453008A124D /* ViewController.swift */ = {isa = PBXFileReference; lastKnownFileType = sourcecode.swift; path = ViewController.swift; sourceTree = "<group>"; };
		CD6464B21963A453008A124D /* Base */ = {isa = PBXFileReference; lastKnownFileType = file.storyboard; name = Base; path = Base.lproj/Main.storyboard; sourceTree = "<group>"; };
		CD6464B41963A453008A124D /* Images.xcassets */ = {isa = PBXFileReference; lastKnownFileType = folder.assetcatalog; path = Images.xcassets; sourceTree = "<group>"; };
		CD6464BA1963A453008A124D /* StandbyTests.xctest */ = {isa = PBXFileReference; explicitFileType = wrapper.cfbundle; includeInIndex = 0; path = StandbyTests.xctest; sourceTree = BUILT_PRODUCTS_DIR; };
		CD6464BF1963A453008A124D /* Info.plist */ = {isa = PBXFileReference; lastKnownFileType = text.plist.xml; path = Info.plist; sourceTree = "<group>"; };
		CD6464C01963A453008A124D /* StandbyTests.swift */ = {isa = PBXFileReference; lastKnownFileType = sourcecode.swift; path = StandbyTests.swift; sourceTree = "<group>"; };
/* End PBXFileReference section */

/* Begin PBXFrameworksBuildPhase section */
		CD6464A51963A453008A124D /* Frameworks */ = {
			isa = PBXFrameworksBuildPhase;
			buildActionMask = 2147483647;
			files = (
			);
			runOnlyForDeploymentPostprocessing = 0;
		};
		CD6464B71963A453008A124D /* Frameworks */ = {
			isa = PBXFrameworksBuildPhase;
			buildActionMask = 2147483647;
			files = (
			);
			runOnlyForDeploymentPostprocessing = 0;
		};
/* End PBXFrameworksBuildPhase section */

/* Begin PBXGroup section */
		CD64649F1963A453008A124D = {
			isa = PBXGroup;
			children = (
				CD6464AA1963A453008A124D /* Standby */,
				CD6464BD1963A453008A124D /* StandbyTests */,
				CD6464A91963A453008A124D /* Products */,
			);
			sourceTree = "<group>";
		};
		CD6464A91963A453008A124D /* Products */ = {
			isa = PBXGroup;
			children = (
				CD6464A81963A453008A124D /* Standby.app */,
				CD6464BA1963A453008A124D /* StandbyTests.xctest */,
			);
			name = Products;
			sourceTree = "<group>";
		};
		CD6464AA1963A453008A124D /* Standby */ = {
			isa = PBXGroup;
			children = (
				CD6464AD1963A453008A124D /* AppDelegate.swift */,
				CD6464AF1963A453008A124D /* ViewController.swift */,
				CD6464B11963A453008A124D /* Main.storyboard */,
				CD6464B41963A453008A124D /* Images.xcassets */,
				CD6464AB1963A453008A124D /* Supporting Files */,
			);
			path = Standby;
			sourceTree = "<group>";
		};
		CD6464AB1963A453008A124D /* Supporting Files */ = {
			isa = PBXGroup;
			children = (
				CD6464AC1963A453008A124D /* Info.plist */,
			);
			name = "Supporting Files";
			sourceTree = "<group>";
		};
		CD6464BD1963A453008A124D /* StandbyTests */ = {
			isa = PBXGroup;
			children = (
				CD6464C01963A453008A124D /* StandbyTests.swift */,
				CD6464BE1963A453008A124D /* Supporting Files */,
			);
			path = StandbyTests;
			sourceTree = "<group>";
		};
		CD6464BE1963A453008A124D /* Supporting Files */ = {
			isa = PBXGroup;
			children = (
				CD6464BF1963A453008A124D /* Info.plist */,
			);
			name = "Supporting Files";
			sourceTree = "<group>";
		};
/* End PBXGroup section */

/* Begin PBXNativeTarget section */
		CD6464A71963A453008A124D /* Standby */ = {
			isa = PBXNativeTarget;
			buildConfigurationList = CD6464C41963A453008A124D /* Build configuration list for PBXNativeTarget "Standby" */;
			buildPhases = (
				CD6464A41963A453008A124D /* Sources */,
				CD6464A51963A453008A124D /* Frameworks */,
				CD6464A61963A453008A124D /* Resources */,
			);
			buildRules = (
			);
			dependencies = (
			);
			name = Standby;
			productName = Standby;
			productReference = CD6464A81963A453008A124D /* Standby.app */;
			productType = "com.apple.product-type.application";
		};
		CD6464B91963A453008A124D /* StandbyTests */ = {
			isa = PBXNativeTarget;
			buildConfigurationList = CD6464C71963A453008A124D /* Build configuration list for PBXNativeTarget "StandbyTests" */;
			buildPhases = (
				CD6464B61963A453008A124D /* Sources */,
				CD6464B71963A453008A124D /* Frameworks */,
				CD6464B81963A453008A124D /* Resources */,
			);
			buildRules = (
			);
			dependencies = (
				CD6464BC1963A453008A124D /* PBXTargetDependency */,
			);
			name = StandbyTests;
			productName = StandbyTests;
			productReference = CD6464BA1963A453008A124D /* StandbyTests.xctest */;
			productType = "com.apple.product-type.bundle.unit-test";
		};
/* End PBXNativeTarget section */

/* Begin PBXProject section */
		CD6464A01963A453008A124D /* Project object */ = {
			isa = PBXProject;
			attributes = {
				LastUpgradeCheck = 0600;
				ORGANIZATIONNAME = "Patrick Quinn-Graham";
				TargetAttributes = {
					CD6464A71963A453008A124D = {
						CreatedOnToolsVersion = 6.0;
					};
					CD6464B91963A453008A124D = {
						CreatedOnToolsVersion = 6.0;
						TestTargetID = CD6464A71963A453008A124D;
					};
				};
			};
			buildConfigurationList = CD6464A31963A453008A124D /* Build configuration list for PBXProject "Standby" */;
			compatibilityVersion = "Xcode 3.2";
			developmentRegion = English;
			hasScannedForEncodings = 0;
			knownRegions = (
				en,
				Base,
			);
			mainGroup = CD64649F1963A453008A124D;
			productRefGroup = CD6464A91963A453008A124D /* Products */;
			projectDirPath = "";
			projectRoot = "";
			targets = (
				CD6464A71963A453008A124D /* Standby */,
				CD6464B91963A453008A124D /* StandbyTests */,
			);
		};
/* End PBXProject section */

/* Begin PBXResourcesBuildPhase section */
		CD6464A61963A453008A124D /* Resources */ = {
			isa = PBXResourcesBuildPhase;
			buildActionMask = 2147483647;
			files = (
				CD6464B31963A453008A124D /* Main.storyboard in Resources */,
				CD6464B51963A453008A124D /* Images.xcassets in Resources */,
			);
			runOnlyForDeploymentPostprocessing = 0;
		};
		CD6464B81963A453008A124D /* Resources */ = {
			isa = PBXResourcesBuildPhase;
			buildActionMask = 2147483647;
			files = (
			);
			runOnlyForDeploymentPostprocessing = 0;
		};
/* End PBXResourcesBuildPhase section */

/* Begin PBXSourcesBuildPhase section */
		CD6464A41963A453008A124D /* Sources */ = {
			isa = PBXSourcesBuildPhase;
			buildActionMask = 2147483647;
			files = (
				CD6464B01963A453008A124D /* ViewController.swift in Sources */,
				CD6464AE1963A453008A124D /* AppDelegate.swift in Sources */,
			);
			runOnlyForDeploymentPostprocessing = 0;
		};
		CD6464B61963A453008A124D /* Sources */ = {
			isa = PBXSourcesBuildPhase;
			buildActionMask = 2147483647;
			files = (
				CD6464C11963A453008A124D /* StandbyTests.swift in Sources */,
			);
			runOnlyForDeploymentPostprocessing = 0;
		};
/* End PBXSourcesBuildPhase section */

/* Begin PBXTargetDependency section */
		CD6464BC1963A453008A124D /* PBXTargetDependency */ = {
			isa = PBXTargetDependency;
			target = CD6464A71963A453008A124D /* Standby */;
			targetProxy = CD6464BB1963A453008A124D /* PBXContainerItemProxy */;
		};
/* End PBXTargetDependency section */

/* Begin PBXVariantGroup section */
		CD6464B11963A453008A124D /* Main.storyboard */ = {
			isa = PBXVariantGroup;
			children = (
				CD6464B21963A453008A124D /* Base */,
			);
			name = Main.storyboard;
			sourceTree = "<group>";
		};
/* End PBXVariantGroup section */

/* Begin XCBuildConfiguration section */
		CD6464C21963A453008A124D /* Debug */ = {
			isa = XCBuildConfiguration;
			buildSettings = {
				ALWAYS_SEARCH_USER_PATHS = NO;
				CLANG_CXX_LANGUAGE_STANDARD = "gnu++0x";
				CLANG_CXX_LIBRARY = "libc++";
				CLANG_ENABLE_MODULES = YES;
				CLANG_ENABLE_OBJC_ARC = YES;
				CLANG_WARN_BOOL_CONVERSION = YES;
				CLANG_WARN_CONSTANT_CONVERSION = YES;
				CLANG_WARN_DIRECT_OBJC_ISA_USAGE = YES_ERROR;
				CLANG_WARN_EMPTY_BODY = YES;
				CLANG_WARN_ENUM_CONVERSION = YES;
				CLANG_WARN_INT_CONVERSION = YES;
				CLANG_WARN_OBJC_ROOT_CLASS = YES_ERROR;
				CLANG_WARN_UNREACHABLE_CODE = YES;
				CLANG_WARN__DUPLICATE_METHOD_MATCH = YES;
				"CODE_SIGN_IDENTITY[sdk=iphoneos*]" = "iPhone Developer";
				COPY_PHASE_STRIP = NO;
				ENABLE_STRICT_OBJC_MSGSEND = YES;
				GCC_C_LANGUAGE_STANDARD = gnu99;
				GCC_DYNAMIC_NO_PIC = NO;
				GCC_OPTIMIZATION_LEVEL = 0;
				GCC_PREPROCESSOR_DEFINITIONS = (
					"DEBUG=1",
					"$(inherited)",
				);
				GCC_SYMBOLS_PRIVATE_EXTERN = NO;
				GCC_WARN_64_TO_32_BIT_CONVERSION = YES;
				GCC_WARN_ABOUT_RETURN_TYPE = YES_ERROR;
				GCC_WARN_UNDECLARED_SELECTOR = YES;
				GCC_WARN_UNINITIALIZED_AUTOS = YES_AGGRESSIVE;
				GCC_WARN_UNUSED_FUNCTION = YES;
				GCC_WARN_UNUSED_VARIABLE = YES;
				IPHONEOS_DEPLOYMENT_TARGET = 8.0;
				METAL_ENABLE_DEBUG_INFO = YES;
				ONLY_ACTIVE_ARCH = YES;
				SDKROOT = iphoneos;
				SWIFT_OPTIMIZATION_LEVEL = "-Onone";
				TARGETED_DEVICE_FAMILY = 2;
			};
			name = Debug;
		};
		CD6464C31963A453008A124D /* Release */ = {
			isa = XCBuildConfiguration;
			buildSettings = {
				ALWAYS_SEARCH_USER_PATHS = NO;
				CLANG_CXX_LANGUAGE_STANDARD = "gnu++0x";
				CLANG_CXX_LIBRARY = "libc++";
				CLANG_ENABLE_MODULES = YES;
				CLANG_ENABLE_OBJC_ARC = YES;
				CLANG_WARN_BOOL_CONVERSION = YES;
				CLANG_WARN_CONSTANT_CONVERSION = YES;
				CLANG_WARN_DIRECT_OBJC_ISA_USAGE = YES_ERROR;
				CLANG_WARN_EMPTY_BODY = YES;
				CLANG_WARN_ENUM_CONVERSION = YES;
				CLANG_WARN_INT_CONVERSION = YES;
				CLANG_WARN_OBJC_ROOT_CLASS = YES_ERROR;
				CLANG_WARN_UNREACHABLE_CODE = YES;
				CLANG_WARN__DUPLICATE_METHOD_MATCH = YES;
				"CODE_SIGN_IDENTITY[sdk=iphoneos*]" = "iPhone Developer";
				COPY_PHASE_STRIP = YES;
				ENABLE_NS_ASSERTIONS = NO;
				ENABLE_STRICT_OBJC_MSGSEND = YES;
				GCC_C_LANGUAGE_STANDARD = gnu99;
				GCC_WARN_64_TO_32_BIT_CONVERSION = YES;
				GCC_WARN_ABOUT_RETURN_TYPE = YES_ERROR;
				GCC_WARN_UNDECLARED_SELECTOR = YES;
				GCC_WARN_UNINITIALIZED_AUTOS = YES_AGGRESSIVE;
				GCC_WARN_UNUSED_FUNCTION = YES;
				GCC_WARN_UNUSED_VARIABLE = YES;
				IPHONEOS_DEPLOYMENT_TARGET = 8.0;
				METAL_ENABLE_DEBUG_INFO = NO;
				SDKROOT = iphoneos;
				TARGETED_DEVICE_FAMILY = 2;
				VALIDATE_PRODUCT = YES;
			};
			name = Release;
		};
		CD6464C51963A453008A124D /* Debug */ = {
			isa = XCBuildConfiguration;
			buildSettings = {
				ASSETCATALOG_COMPILER_APPICON_NAME = AppIcon;
				ASSETCATALOG_COMPILER_LAUNCHIMAGE_NAME = LaunchImage;
				INFOPLIST_FILE = Standby/Info.plist;
				LD_RUNPATH_SEARCH_PATHS = "$(inherited) @executable_path/Frameworks";
				PRODUCT_NAME = "$(TARGET_NAME)";
			};
			name = Debug;
		};
		CD6464C61963A453008A124D /* Release */ = {
			isa = XCBuildConfiguration;
			buildSettings = {
				ASSETCATALOG_COMPILER_APPICON_NAME = AppIcon;
				ASSETCATALOG_COMPILER_LAUNCHIMAGE_NAME = LaunchImage;
				INFOPLIST_FILE = Standby/Info.plist;
				LD_RUNPATH_SEARCH_PATHS = "$(inherited) @executable_path/Frameworks";
				PRODUCT_NAME = "$(TARGET_NAME)";
			};
			name = Release;
		};
		CD6464C81963A453008A124D /* Debug */ = {
			isa = XCBuildConfiguration;
			buildSettings = {
				BUNDLE_LOADER = "$(BUILT_PRODUCTS_DIR)/Standby.app/Standby";
				FRAMEWORK_SEARCH_PATHS = (
					"$(SDKROOT)/Developer/Library/Frameworks",
					"$(inherited)",
				);
				GCC_PREPROCESSOR_DEFINITIONS = (
					"DEBUG=1",
					"$(inherited)",
				);
				INFOPLIST_FILE = StandbyTests/Info.plist;
				LD_RUNPATH_SEARCH_PATHS = "$(inherited) @executable_path/Frameworks @loader_path/Frameworks";
				METAL_ENABLE_DEBUG_INFO = YES;
				PRODUCT_NAME = "$(TARGET_NAME)";
				TEST_HOST = "$(BUNDLE_LOADER)";
			};
			name = Debug;
		};
		CD6464C91963A453008A124D /* Release */ = {
			isa = XCBuildConfiguration;
			buildSettings = {
				BUNDLE_LOADER = "$(BUILT_PRODUCTS_DIR)/Standby.app/Standby";
				FRAMEWORK_SEARCH_PATHS = (
					"$(SDKROOT)/Developer/Library/Frameworks",
					"$(inherited)",
				);
				INFOPLIST_FILE = StandbyTests/Info.plist;
				LD_RUNPATH_SEARCH_PATHS = "$(inherited) @executable_path/Frameworks @loader_path/Frameworks";
				METAL_ENABLE_DEBUG_INFO = NO;
				PRODUCT_NAME = "$(TARGET_NAME)";
				TEST_HOST = "$(BUNDLE_LOADER)";
			};
			name = Release;
		};
/* End XCBuildConfiguration section */

/* Begin XCConfigurationList section */
		CD6464A31963A453008A124D /* Build configuration list for PBXProject "Standby" */ = {
			isa = XCConfigurationList;
			buildConfigurations = (
				CD6464C21963A453008A124D /* Debug */,
				CD6464C31963A453008A124D /* Release */,
			);
			defaultConfigurationIsVisible = 0;
			defaultConfigurationName = Release;
		};
		CD6464C41963A453008A124D /* Build configuration list for PBXNativeTarget "Standby" */ = {
			isa = XCConfigurationList;
			buildConfigurations = (
				CD6464C51963A453008A124D /* Debug */,
				CD6464C61963A453008A124D /* Release */,
			);
			defaultConfigurationIsVisible = 0;
		};
		CD6464C71963A453008A124D /* Build configuration list for PBXNativeTarget "StandbyTests" */ = {
			isa = XCConfigurationList;
			buildConfigurations = (
				CD6464C81963A453008A124D /* Debug */,
				CD6464C91963A453008A124D /* Release */,
			);
			defaultConfigurationIsVisible = 0;
		};
/* End XCConfigurationList section */
	};
	rootObject = CD6464A01963A453008A124D /* Project object */;
}
